
Microsoft Visual Studio Solution File, Format Version 12.00
# Visual Studio Version 17
VisualStudioVersion = 17.0.31903.59
MinimumVisualStudioVersion = 10.0.40219.1
Project("{2150E333-8FDC-42A3-9474-1A3956D46DE8}") = "Backend", "Backend", "{035BEB38-435D-4B1A-9299-90DE1F0C9B55}"
EndProject
Project("{FAE04EC0-301F-11D3-BF4B-00C04F79EFBC}") = "BackendWebPeliculas", "Backend\BackendWebPeliculas\BackendWebPeliculas.csproj", "{95CE15D8-7B29-4439-B12F-D2EF95ECD759}"
EndProject
Global
	GlobalSection(SolutionConfigurationPlatforms) = preSolution
		Debug|Any CPU = Debug|Any CPU
		Release|Any CPU = Release|Any CPU
	EndGlobalSection
	GlobalSection(SolutionProperties) = preSolution
		HideSolutionNode = FALSE
	EndGlobalSection
	GlobalSection(ProjectConfigurationPlatforms) = postSolution
		{95CE15D8-7B29-4439-B12F-D2EF95ECD759}.Debug|Any CPU.ActiveCfg = Debug|Any CPU
		{95CE15D8-7B29-4439-B12F-D2EF95ECD759}.Debug|Any CPU.Build.0 = Debug|Any CPU
		{95CE15D8-7B29-4439-B12F-D2EF95ECD759}.Release|Any CPU.ActiveCfg = Release|Any CPU
		{95CE15D8-7B29-4439-B12F-D2EF95ECD759}.Release|Any CPU.Build.0 = Release|Any CPU
	EndGlobalSection
	GlobalSection(NestedProjects) = preSolution
		{95CE15D8-7B29-4439-B12F-D2EF95ECD759} = {035BEB38-435D-4B1A-9299-90DE1F0C9B55}
	EndGlobalSection
EndGlobal
