
Microsoft Visual Studio Solution File, Format Version 12.00
# Visual Studio Version 17
VisualStudioVersion = 17.7.34221.43
MinimumVisualStudioVersion = 10.0.40219.1
Project("{FAE04EC0-301F-11D3-BF4B-00C04F79EFBC}") = "BackendWebPeliculas", "BackendWebPeliculas.csproj", "{7967FC36-72CC-4B1A-826D-031A3EDECA3D}"
EndProject
Global
	GlobalSection(SolutionConfigurationPlatforms) = preSolution
		Debug|Any CPU = Debug|Any CPU
		Release|Any CPU = Release|Any CPU
	EndGlobalSection
	GlobalSection(ProjectConfigurationPlatforms) = postSolution
		{7967FC36-72CC-4B1A-826D-031A3EDECA3D}.Debug|Any CPU.ActiveCfg = Debug|Any CPU
		{7967FC36-72CC-4B1A-826D-031A3EDECA3D}.Debug|Any CPU.Build.0 = Debug|Any CPU
		{7967FC36-72CC-4B1A-826D-031A3EDECA3D}.Release|Any CPU.ActiveCfg = Release|Any CPU
		{7967FC36-72CC-4B1A-826D-031A3EDECA3D}.Release|Any CPU.Build.0 = Release|Any CPU
	EndGlobalSection
	GlobalSection(SolutionProperties) = preSolution
		HideSolutionNode = FALSE
	EndGlobalSection
	GlobalSection(ExtensibilityGlobals) = postSolution
		SolutionGuid = {F0F8EAF8-C29D-4147-AD72-C5E34417DA17}
	EndGlobalSection
EndGlobal
